
Microsoft Visual Studio Solution File, Format Version 12.00
# Visual Studio Version 17
VisualStudioVersion = 17.14.37516.0
MinimumVisualStudioVersion = 10.0.40219.1
Project("{FAE04EC0-301F-11D3-BF4B-00C04F79EFBC}") = "MovieReviewApi", "MovieReviewApi\MovieReviewApi.csproj", "{EA2B2C95-9551-4459-9B80-F2AAA5D3D94F}"
EndProject
Project("{FAE04EC0-301F-11D3-BF4B-00C04F79EFBC}") = "MovieReviewWeb", "MovieReviewWeb\MovieReviewWeb.csproj", "{A21EC7F6-112E-47EA-9B85-5B6CE8A241C4}"
EndProject
Global
	GlobalSection(SolutionConfigurationPlatforms) = preSolution
		Debug|Any CPU = Debug|Any CPU
		Release|Any CPU = Release|Any CPU
	EndGlobalSection
	GlobalSection(ProjectConfigurationPlatforms) = postSolution
		{EA2B2C95-9551-4459-9B80-F2AAA5D3D94F}.Debug|Any CPU.ActiveCfg = Debug|Any CPU
		{EA2B2C95-9551-4459-9B80-F2AAA5D3D94F}.Debug|Any CPU.Build.0 = Debug|Any CPU
		{EA2B2C95-9551-4459-9B80-F2AAA5D3D94F}.Release|Any CPU.ActiveCfg = Release|Any CPU
		{EA2B2C95-9551-4459-9B80-F2AAA5D3D94F}.Release|Any CPU.Build.0 = Release|Any CPU
		{A21EC7F6-112E-47EA-9B85-5B6CE8A241C4}.Debug|Any CPU.ActiveCfg = Debug|Any CPU
		{A21EC7F6-112E-47EA-9B85-5B6CE8A241C4}.Debug|Any CPU.Build.0 = Debug|Any CPU
		{A21EC7F6-112E-47EA-9B85-5B6CE8A241C4}.Release|Any CPU.ActiveCfg = Release|Any CPU
		{A21EC7F6-112E-47EA-9B85-5B6CE8A241C4}.Release|Any CPU.Build.0 = Release|Any CPU
	EndGlobalSection
	GlobalSection(SolutionProperties) = preSolution
		HideSolutionNode = FALSE
	EndGlobalSection
	GlobalSection(ExtensibilityGlobals) = postSolution
		SolutionGuid = {A41999FB-847F-493C-8A20-8B4B5849B84E}
	EndGlobalSection
EndGlobal
